{
  "nodes": {
    "nixpkgs": {
      "locked": {
        "lastModified": 1782841183,
        "narHash": "sha256-Ndt/5R7UN4rBdhFR1lxHZZZ42cD6vGlnuxC2VvvsKE4=",
        "owner": "NixOS",
        "repo": "nixpkgs",
        "rev": "c9bfd86ed684d27e63b0ff9ebb18699f84f27a3b",
        "type": "github"
      },
      "original": {
        "owner": "NixOS",
        "ref": "nixos-25.11-small",
        "repo": "nixpkgs",
        "type": "github"
      }
    },
    "root": {
      "inputs": {
        "nixpkgs": "nixpkgs"
      }
    }
  },
  "root": "root",
  "version": 7
}
